
Microsoft Visual Studio Solution File, Format Version 12.00
# Visual Studio 2012
VisualStudioVersion = 12.0.31101.0
MinimumVisualStudioVersion = 10.0.40219.1
Project("{FAE04EC0-301F-11D3-BF4B-00C04F79EFBC}") = "StarCheckersWindows", "StarCheckersWindows\StarCheckersWindows.csproj", "{13788682-6C55-4845-805D-46AA95D4523E}"
EndProject
Project("{FAE04EC0-301F-11D3-BF4B-00C04F79EFBC}") = "StarCheckersAndroid", "StarCheckersAndroid\StarCheckersAndroid.csproj", "{702000AB-1F76-456F-AA73-E6FA226B435D}"
EndProject
Project("{FAE04EC0-301F-11D3-BF4B-00C04F79EFBC}") = "StarCheckersLinux", "StarCheckersLinux\StarCheckersLinux.csproj", "{F86E9E3B-9272-453D-8478-C8CC37120B4B}"
EndProject
Project("{D954291E-2A0B-460D-934E-DC6B0785DB48}") = "StarCheckersShared", "StarCheckersShared\StarCheckersShared.shproj", "{9FBDBA52-6EE3-4F54-A72E-BA70D8E2EC44}"
EndProject
Global
	GlobalSection(SolutionConfigurationPlatforms) = preSolution
		Android|Any CPU = Android|Any CPU
		Android|Mixed Platforms = Android|Mixed Platforms
		Android|x86 = Android|x86
		Debug|Any CPU = Debug|Any CPU
		Debug|Mixed Platforms = Debug|Mixed Platforms
		Debug|x86 = Debug|x86
		iOS|Any CPU = iOS|Any CPU
		iOS|Mixed Platforms = iOS|Mixed Platforms
		iOS|x86 = iOS|x86
		Linux|Any CPU = Linux|Any CPU
		Linux|Mixed Platforms = Linux|Mixed Platforms
		Linux|x86 = Linux|x86
		OSX|Any CPU = OSX|Any CPU
		OSX|Mixed Platforms = OSX|Mixed Platforms
		OSX|x86 = OSX|x86
		PSM|Any CPU = PSM|Any CPU
		PSM|Mixed Platforms = PSM|Mixed Platforms
		PSM|x86 = PSM|x86
		Release|Any CPU = Release|Any CPU
		Release|Mixed Platforms = Release|Mixed Platforms
		Release|x86 = Release|x86
		Windows|Any CPU = Windows|Any CPU
		Windows|Mixed Platforms = Windows|Mixed Platforms
		Windows|x86 = Windows|x86
		Windows8|Any CPU = Windows8|Any CPU
		Windows8|Mixed Platforms = Windows8|Mixed Platforms
		Windows8|x86 = Windows8|x86
	EndGlobalSection
	GlobalSection(ProjectConfigurationPlatforms) = postSolution
		{13788682-6C55-4845-805D-46AA95D4523E}.Android|Any CPU.ActiveCfg = Release|x86
		{13788682-6C55-4845-805D-46AA95D4523E}.Android|Mixed Platforms.ActiveCfg = Release|x86
		{13788682-6C55-4845-805D-46AA95D4523E}.Android|Mixed Platforms.Build.0 = Release|x86
		{13788682-6C55-4845-805D-46AA95D4523E}.Android|x86.ActiveCfg = Release|x86
		{13788682-6C55-4845-805D-46AA95D4523E}.Android|x86.Build.0 = Release|x86
		{13788682-6C55-4845-805D-46AA95D4523E}.Debug|Any CPU.ActiveCfg = Debug|x86
		{13788682-6C55-4845-805D-46AA95D4523E}.Debug|Any CPU.Build.0 = Debug|x86
		{13788682-6C55-4845-805D-46AA95D4523E}.Debug|Mixed Platforms.ActiveCfg = Debug|x86
		{13788682-6C55-4845-805D-46AA95D4523E}.Debug|Mixed Platforms.Build.0 = Debug|x86
		{13788682-6C55-4845-805D-46AA95D4523E}.Debug|x86.ActiveCfg = Debug|x86
		{13788682-6C55-4845-805D-46AA95D4523E}.Debug|x86.Build.0 = Debug|x86
		{13788682-6C55-4845-805D-46AA95D4523E}.iOS|Any CPU.ActiveCfg = Release|x86
		{13788682-6C55-4845-805D-46AA95D4523E}.iOS|Mixed Platforms.ActiveCfg = Release|x86
		{13788682-6C55-4845-805D-46AA95D4523E}.iOS|Mixed Platforms.Build.0 = Release|x86
		{13788682-6C55-4845-805D-46AA95D4523E}.iOS|x86.ActiveCfg = Release|x86
		{13788682-6C55-4845-805D-46AA95D4523E}.iOS|x86.Build.0 = Release|x86
		{13788682-6C55-4845-805D-46AA95D4523E}.Linux|Any CPU.ActiveCfg = Release|x86
		{13788682-6C55-4845-805D-46AA95D4523E}.Linux|Mixed Platforms.ActiveCfg = Release|x86
		{13788682-6C55-4845-805D-46AA95D4523E}.Linux|Mixed Platforms.Build.0 = Release|x86
		{13788682-6C55-4845-805D-46AA95D4523E}.Linux|x86.ActiveCfg = Release|x86
		{13788682-6C55-4845-805D-46AA95D4523E}.Linux|x86.Build.0 = Release|x86
		{13788682-6C55-4845-805D-46AA95D4523E}.OSX|Any CPU.ActiveCfg = Release|x86
		{13788682-6C55-4845-805D-46AA95D4523E}.OSX|Mixed Platforms.ActiveCfg = Release|x86
		{13788682-6C55-4845-805D-46AA95D4523E}.OSX|Mixed Platforms.Build.0 = Release|x86
		{13788682-6C55-4845-805D-46AA95D4523E}.OSX|x86.ActiveCfg = Release|x86
		{13788682-6C55-4845-805D-46AA95D4523E}.OSX|x86.Build.0 = Release|x86
		{13788682-6C55-4845-805D-46AA95D4523E}.PSM|Any CPU.ActiveCfg = Release|x86
		{13788682-6C55-4845-805D-46AA95D4523E}.PSM|Mixed Platforms.ActiveCfg = Release|x86
		{13788682-6C55-4845-805D-46AA95D4523E}.PSM|Mixed Platforms.Build.0 = Release|x86
		{13788682-6C55-4845-805D-46AA95D4523E}.PSM|x86.ActiveCfg = Release|x86
		{13788682-6C55-4845-805D-46AA95D4523E}.PSM|x86.Build.0 = Release|x86
		{13788682-6C55-4845-805D-46AA95D4523E}.Release|Any CPU.ActiveCfg = Release|x86
		{13788682-6C55-4845-805D-46AA95D4523E}.Release|Mixed Platforms.ActiveCfg = Release|x86
		{13788682-6C55-4845-805D-46AA95D4523E}.Release|Mixed Platforms.Build.0 = Release|x86
		{13788682-6C55-4845-805D-46AA95D4523E}.Release|x86.ActiveCfg = Release|x86
		{13788682-6C55-4845-805D-46AA95D4523E}.Release|x86.Build.0 = Release|x86
		{13788682-6C55-4845-805D-46AA95D4523E}.Windows|Any CPU.ActiveCfg = Release|x86
		{13788682-6C55-4845-805D-46AA95D4523E}.Windows|Mixed Platforms.ActiveCfg = Release|x86
		{13788682-6C55-4845-805D-46AA95D4523E}.Windows|Mixed Platforms.Build.0 = Release|x86
		{13788682-6C55-4845-805D-46AA95D4523E}.Windows|x86.ActiveCfg = Release|x86
		{13788682-6C55-4845-805D-46AA95D4523E}.Windows|x86.Build.0 = Release|x86
		{13788682-6C55-4845-805D-46AA95D4523E}.Windows8|Any CPU.ActiveCfg = Release|x86
		{13788682-6C55-4845-805D-46AA95D4523E}.Windows8|Mixed Platforms.ActiveCfg = Release|x86
		{13788682-6C55-4845-805D-46AA95D4523E}.Windows8|Mixed Platforms.Build.0 = Release|x86
		{13788682-6C55-4845-805D-46AA95D4523E}.Windows8|x86.ActiveCfg = Release|x86
		{13788682-6C55-4845-805D-46AA95D4523E}.Windows8|x86.Build.0 = Release|x86
		{702000AB-1F76-456F-AA73-E6FA226B435D}.Android|Any CPU.ActiveCfg = Release|Any CPU
		{702000AB-1F76-456F-AA73-E6FA226B435D}.Android|Any CPU.Build.0 = Release|Any CPU
		{702000AB-1F76-456F-AA73-E6FA226B435D}.Android|Any CPU.Deploy.0 = Release|Any CPU
		{702000AB-1F76-456F-AA73-E6FA226B435D}.Android|Mixed Platforms.ActiveCfg = Release|Any CPU
		{702000AB-1F76-456F-AA73-E6FA226B435D}.Android|Mixed Platforms.Build.0 = Release|Any CPU
		{702000AB-1F76-456F-AA73-E6FA226B435D}.Android|Mixed Platforms.Deploy.0 = Release|Any CPU
		{702000AB-1F76-456F-AA73-E6FA226B435D}.Android|x86.ActiveCfg = Release|Any CPU
		{702000AB-1F76-456F-AA73-E6FA226B435D}.Debug|Any CPU.ActiveCfg = Debug|Any CPU
		{702000AB-1F76-456F-AA73-E6FA226B435D}.Debug|Any CPU.Build.0 = Debug|Any CPU
		{702000AB-1F76-456F-AA73-E6FA226B435D}.Debug|Any CPU.Deploy.0 = Debug|Any CPU
		{702000AB-1F76-456F-AA73-E6FA226B435D}.Debug|Mixed Platforms.ActiveCfg = Debug|Any CPU
		{702000AB-1F76-456F-AA73-E6FA226B435D}.Debug|Mixed Platforms.Build.0 = Debug|Any CPU
		{702000AB-1F76-456F-AA73-E6FA226B435D}.Debug|Mixed Platforms.Deploy.0 = Debug|Any CPU
		{702000AB-1F76-456F-AA73-E6FA226B435D}.Debug|x86.ActiveCfg = Debug|Any CPU
		{702000AB-1F76-456F-AA73-E6FA226B435D}.iOS|Any CPU.ActiveCfg = Release|Any CPU
		{702000AB-1F76-456F-AA73-E6FA226B435D}.iOS|Any CPU.Build.0 = Release|Any CPU
		{702000AB-1F76-456F-AA73-E6FA226B435D}.iOS|Any CPU.Deploy.0 = Release|Any CPU
		{702000AB-1F76-456F-AA73-E6FA226B435D}.iOS|Mixed Platforms.ActiveCfg = Release|Any CPU
		{702000AB-1F76-456F-AA73-E6FA226B435D}.iOS|Mixed Platforms.Build.0 = Release|Any CPU
		{702000AB-1F76-456F-AA73-E6FA226B435D}.iOS|Mixed Platforms.Deploy.0 = Release|Any CPU
		{702000AB-1F76-456F-AA73-E6FA226B435D}.iOS|x86.ActiveCfg = Release|Any CPU
		{702000AB-1F76-456F-AA73-E6FA226B435D}.Linux|Any CPU.ActiveCfg = Release|Any CPU
		{702000AB-1F76-456F-AA73-E6FA226B435D}.Linux|Any CPU.Build.0 = Release|Any CPU
		{702000AB-1F76-456F-AA73-E6FA226B435D}.Linux|Any CPU.Deploy.0 = Release|Any CPU
		{702000AB-1F76-456F-AA73-E6FA226B435D}.Linux|Mixed Platforms.ActiveCfg = Release|Any CPU
		{702000AB-1F76-456F-AA73-E6FA226B435D}.Linux|Mixed Platforms.Build.0 = Release|Any CPU
		{702000AB-1F76-456F-AA73-E6FA226B435D}.Linux|Mixed Platforms.Deploy.0 = Release|Any CPU
		{702000AB-1F76-456F-AA73-E6FA226B435D}.Linux|x86.ActiveCfg = Release|Any CPU
		{702000AB-1F76-456F-AA73-E6FA226B435D}.OSX|Any CPU.ActiveCfg = Release|Any CPU
		{702000AB-1F76-456F-AA73-E6FA226B435D}.OSX|Any CPU.Build.0 = Release|Any CPU
		{702000AB-1F76-456F-AA73-E6FA226B435D}.OSX|Any CPU.Deploy.0 = Release|Any CPU
		{702000AB-1F76-456F-AA73-E6FA226B435D}.OSX|Mixed Platforms.ActiveCfg = Release|Any CPU
		{702000AB-1F76-456F-AA73-E6FA226B435D}.OSX|Mixed Platforms.Build.0 = Release|Any CPU
		{702000AB-1F76-456F-AA73-E6FA226B435D}.OSX|Mixed Platforms.Deploy.0 = Release|Any CPU
		{702000AB-1F76-456F-AA73-E6FA226B435D}.OSX|x86.ActiveCfg = Release|Any CPU
		{702000AB-1F76-456F-AA73-E6FA226B435D}.PSM|Any CPU.ActiveCfg = Release|Any CPU
		{702000AB-1F76-456F-AA73-E6FA226B435D}.PSM|Any CPU.Build.0 = Release|Any CPU
		{702000AB-1F76-456F-AA73-E6FA226B435D}.PSM|Any CPU.Deploy.0 = Release|Any CPU
		{702000AB-1F76-456F-AA73-E6FA226B435D}.PSM|Mixed Platforms.ActiveCfg = Release|Any CPU
		{702000AB-1F76-456F-AA73-E6FA226B435D}.PSM|Mixed Platforms.Build.0 = Release|Any CPU
		{702000AB-1F76-456F-AA73-E6FA226B435D}.PSM|Mixed Platforms.Deploy.0 = Release|Any CPU
		{702000AB-1F76-456F-AA73-E6FA226B435D}.PSM|x86.ActiveCfg = Release|Any CPU
		{702000AB-1F76-456F-AA73-E6FA226B435D}.Release|Any CPU.ActiveCfg = Release|Any CPU
		{702000AB-1F76-456F-AA73-E6FA226B435D}.Release|Any CPU.Build.0 = Release|Any CPU
		{702000AB-1F76-456F-AA73-E6FA226B435D}.Release|Any CPU.Deploy.0 = Release|Any CPU
		{702000AB-1F76-456F-AA73-E6FA226B435D}.Release|Mixed Platforms.ActiveCfg = Release|Any CPU
		{702000AB-1F76-456F-AA73-E6FA226B435D}.Release|Mixed Platforms.Build.0 = Release|Any CPU
		{702000AB-1F76-456F-AA73-E6FA226B435D}.Release|Mixed Platforms.Deploy.0 = Release|Any CPU
		{702000AB-1F76-456F-AA73-E6FA226B435D}.Release|x86.ActiveCfg = Release|Any CPU
		{702000AB-1F76-456F-AA73-E6FA226B435D}.Windows|Any CPU.ActiveCfg = Release|Any CPU
		{702000AB-1F76-456F-AA73-E6FA226B435D}.Windows|Any CPU.Build.0 = Release|Any CPU
		{702000AB-1F76-456F-AA73-E6FA226B435D}.Windows|Any CPU.Deploy.0 = Release|Any CPU
		{702000AB-1F76-456F-AA73-E6FA226B435D}.Windows|Mixed Platforms.ActiveCfg = Release|Any CPU
		{702000AB-1F76-456F-AA73-E6FA226B435D}.Windows|Mixed Platforms.Build.0 = Release|Any CPU
		{702000AB-1F76-456F-AA73-E6FA226B435D}.Windows|Mixed Platforms.Deploy.0 = Release|Any CPU
		{702000AB-1F76-456F-AA73-E6FA226B435D}.Windows|x86.ActiveCfg = Release|Any CPU
		{702000AB-1F76-456F-AA73-E6FA226B435D}.Windows8|Any CPU.ActiveCfg = Release|Any CPU
		{702000AB-1F76-456F-AA73-E6FA226B435D}.Windows8|Any CPU.Build.0 = Release|Any CPU
		{702000AB-1F76-456F-AA73-E6FA226B435D}.Windows8|Any CPU.Deploy.0 = Release|Any CPU
		{702000AB-1F76-456F-AA73-E6FA226B435D}.Windows8|Mixed Platforms.ActiveCfg = Release|Any CPU
		{702000AB-1F76-456F-AA73-E6FA226B435D}.Windows8|Mixed Platforms.Build.0 = Release|Any CPU
		{702000AB-1F76-456F-AA73-E6FA226B435D}.Windows8|Mixed Platforms.Deploy.0 = Release|Any CPU
		{702000AB-1F76-456F-AA73-E6FA226B435D}.Windows8|x86.ActiveCfg = Release|Any CPU
		{F86E9E3B-9272-453D-8478-C8CC37120B4B}.Android|Any CPU.ActiveCfg = Release|x86
		{F86E9E3B-9272-453D-8478-C8CC37120B4B}.Android|Mixed Platforms.ActiveCfg = Release|x86
		{F86E9E3B-9272-453D-8478-C8CC37120B4B}.Android|Mixed Platforms.Build.0 = Release|x86
		{F86E9E3B-9272-453D-8478-C8CC37120B4B}.Android|x86.ActiveCfg = Release|x86
		{F86E9E3B-9272-453D-8478-C8CC37120B4B}.Android|x86.Build.0 = Release|x86
		{F86E9E3B-9272-453D-8478-C8CC37120B4B}.Debug|Any CPU.ActiveCfg = Debug|x86
		{F86E9E3B-9272-453D-8478-C8CC37120B4B}.Debug|Any CPU.Build.0 = Debug|x86
		{F86E9E3B-9272-453D-8478-C8CC37120B4B}.Debug|Mixed Platforms.ActiveCfg = Debug|x86
		{F86E9E3B-9272-453D-8478-C8CC37120B4B}.Debug|Mixed Platforms.Build.0 = Debug|x86
		{F86E9E3B-9272-453D-8478-C8CC37120B4B}.Debug|x86.ActiveCfg = Debug|x86
		{F86E9E3B-9272-453D-8478-C8CC37120B4B}.Debug|x86.Build.0 = Debug|x86
		{F86E9E3B-9272-453D-8478-C8CC37120B4B}.iOS|Any CPU.ActiveCfg = Release|x86
		{F86E9E3B-9272-453D-8478-C8CC37120B4B}.iOS|Mixed Platforms.ActiveCfg = Release|x86
		{F86E9E3B-9272-453D-8478-C8CC37120B4B}.iOS|Mixed Platforms.Build.0 = Release|x86
		{F86E9E3B-9272-453D-8478-C8CC37120B4B}.iOS|x86.ActiveCfg = Release|x86
		{F86E9E3B-9272-453D-8478-C8CC37120B4B}.iOS|x86.Build.0 = Release|x86
		{F86E9E3B-9272-453D-8478-C8CC37120B4B}.Linux|Any CPU.ActiveCfg = Release|x86
		{F86E9E3B-9272-453D-8478-C8CC37120B4B}.Linux|Mixed Platforms.ActiveCfg = Release|x86
		{F86E9E3B-9272-453D-8478-C8CC37120B4B}.Linux|Mixed Platforms.Build.0 = Release|x86
		{F86E9E3B-9272-453D-8478-C8CC37120B4B}.Linux|x86.ActiveCfg = Release|x86
		{F86E9E3B-9272-453D-8478-C8CC37120B4B}.Linux|x86.Build.0 = Release|x86
		{F86E9E3B-9272-453D-8478-C8CC37120B4B}.OSX|Any CPU.ActiveCfg = Release|x86
		{F86E9E3B-9272-453D-8478-C8CC37120B4B}.OSX|Mixed Platforms.ActiveCfg = Release|x86
		{F86E9E3B-9272-453D-8478-C8CC37120B4B}.OSX|Mixed Platforms.Build.0 = Release|x86
		{F86E9E3B-9272-453D-8478-C8CC37120B4B}.OSX|x86.ActiveCfg = Release|x86
		{F86E9E3B-9272-453D-8478-C8CC37120B4B}.OSX|x86.Build.0 = Release|x86
		{F86E9E3B-9272-453D-8478-C8CC37120B4B}.PSM|Any CPU.ActiveCfg = Release|x86
		{F86E9E3B-9272-453D-8478-C8CC37120B4B}.PSM|Mixed Platforms.ActiveCfg = Release|x86
		{F86E9E3B-9272-453D-8478-C8CC37120B4B}.PSM|Mixed Platforms.Build.0 = Release|x86
		{F86E9E3B-9272-453D-8478-C8CC37120B4B}.PSM|x86.ActiveCfg = Release|x86
		{F86E9E3B-9272-453D-8478-C8CC37120B4B}.PSM|x86.Build.0 = Release|x86
		{F86E9E3B-9272-453D-8478-C8CC37120B4B}.Release|Any CPU.ActiveCfg = Release|x86
		{F86E9E3B-9272-453D-8478-C8CC37120B4B}.Release|Mixed Platforms.ActiveCfg = Release|x86
		{F86E9E3B-9272-453D-8478-C8CC37120B4B}.Release|Mixed Platforms.Build.0 = Release|x86
		{F86E9E3B-9272-453D-8478-C8CC37120B4B}.Release|x86.ActiveCfg = Release|x86
		{F86E9E3B-9272-453D-8478-C8CC37120B4B}.Release|x86.Build.0 = Release|x86
		{F86E9E3B-9272-453D-8478-C8CC37120B4B}.Windows|Any CPU.ActiveCfg = Release|x86
		{F86E9E3B-9272-453D-8478-C8CC37120B4B}.Windows|Mixed Platforms.ActiveCfg = Release|x86
		{F86E9E3B-9272-453D-8478-C8CC37120B4B}.Windows|Mixed Platforms.Build.0 = Release|x86
		{F86E9E3B-9272-453D-8478-C8CC37120B4B}.Windows|x86.ActiveCfg = Release|x86
		{F86E9E3B-9272-453D-8478-C8CC37120B4B}.Windows|x86.Build.0 = Release|x86
		{F86E9E3B-9272-453D-8478-C8CC37120B4B}.Windows8|Any CPU.ActiveCfg = Release|x86
		{F86E9E3B-9272-453D-8478-C8CC37120B4B}.Windows8|Mixed Platforms.ActiveCfg = Release|x86
		{F86E9E3B-9272-453D-8478-C8CC37120B4B}.Windows8|Mixed Platforms.Build.0 = Release|x86
		{F86E9E3B-9272-453D-8478-C8CC37120B4B}.Windows8|x86.ActiveCfg = Release|x86
		{F86E9E3B-9272-453D-8478-C8CC37120B4B}.Windows8|x86.Build.0 = Release|x86
	EndGlobalSection
	GlobalSection(MonoDevelopProperties) = preSolution
		Policies = $0
		$0.DotNetNamingPolicy = $1
		$1.DirectoryNamespaceAssociation = Hierarchical
		$1.ResourceNamePolicy = MSBuild
		$0.VersionControlPolicy = $2
		$2.inheritsSet = Mono
	EndGlobalSection
	GlobalSection(SolutionProperties) = preSolution
		HideSolutionNode = FALSE
	EndGlobalSection
EndGlobal
